
Microsoft Visual Studio Solution File, Format Version 12.00
# Visual Studio Version 16
VisualStudioVersion = 16.0.30717.126
MinimumVisualStudioVersion = 10.0.40219.1
Project("{FAE04EC0-301F-11D3-BF4B-00C04F79EFBC}") = "Brief", "Brief.csproj", "{B200B451-EE9A-4777-BAFA-373019D5A656}"
EndProject
Global
	GlobalSection(SolutionConfigurationPlatforms) = preSolution
		Debug|Any CPU = Debug|Any CPU
		Release|Any CPU = Release|Any CPU
	EndGlobalSection
	GlobalSection(ProjectConfigurationPlatforms) = postSolution
		{B200B451-EE9A-4777-BAFA-373019D5A656}.Debug|Any CPU.ActiveCfg = Debug|Any CPU
		{B200B451-EE9A-4777-BAFA-373019D5A656}.Debug|Any CPU.Build.0 = Debug|Any CPU
		{B200B451-EE9A-4777-BAFA-373019D5A656}.Release|Any CPU.ActiveCfg = Release|Any CPU
		{B200B451-EE9A-4777-BAFA-373019D5A656}.Release|Any CPU.Build.0 = Release|Any CPU
	EndGlobalSection
	GlobalSection(SolutionProperties) = preSolution
		HideSolutionNode = FALSE
	EndGlobalSection
	GlobalSection(ExtensibilityGlobals) = postSolution
		SolutionGuid = {B810975C-962F-465E-8AB3-C47D91789BB2}
	EndGlobalSection
EndGlobal
